
Microsoft Visual Studio Solution File, Format Version 12.00
# Visual Studio Version 17
VisualStudioVersion = 17.0.31903.59
MinimumVisualStudioVersion = 10.0.40219.1
Project("{FAE04EC0-301F-11D3-BF4B-00C04F79EFBC}") = "csapp", "csapp\csapp.csproj", "{116E9BB5-F5C8-4010-B01B-90FABC37C43F}"
EndProject
Global
	GlobalSection(SolutionConfigurationPlatforms) = preSolution
		Debug|Any CPU = Debug|Any CPU
		Release|Any CPU = Release|Any CPU
	EndGlobalSection
	GlobalSection(SolutionProperties) = preSolution
		HideSolutionNode = FALSE
	EndGlobalSection
	GlobalSection(ProjectConfigurationPlatforms) = postSolution
		{116E9BB5-F5C8-4010-B01B-90FABC37C43F}.Debug|Any CPU.ActiveCfg = Debug|Any CPU
		{116E9BB5-F5C8-4010-B01B-90FABC37C43F}.Debug|Any CPU.Build.0 = Debug|Any CPU
		{116E9BB5-F5C8-4010-B01B-90FABC37C43F}.Release|Any CPU.ActiveCfg = Release|Any CPU
		{116E9BB5-F5C8-4010-B01B-90FABC37C43F}.Release|Any CPU.Build.0 = Release|Any CPU
	EndGlobalSection
EndGlobal
